
Microsoft Visual Studio Solution File, Format Version 12.00
# Visual Studio Version 17
VisualStudioVersion = 17.14.36203.30 d17.14
MinimumVisualStudioVersion = 10.0.40219.1
Project("{FAE04EC0-301F-11D3-BF4B-00C04F79EFBC}") = "basekeyword_bikita_4", "basekeyword_bikita_4\basekeyword_bikita_4.csproj", "{ECDA4AA0-EE85-462E-825B-DD5A24C1B6BC}"
EndProject
Global
	GlobalSection(SolutionConfigurationPlatforms) = preSolution
		Debug|Any CPU = Debug|Any CPU
		Release|Any CPU = Release|Any CPU
	EndGlobalSection
	GlobalSection(ProjectConfigurationPlatforms) = postSolution
		{ECDA4AA0-EE85-462E-825B-DD5A24C1B6BC}.Debug|Any CPU.ActiveCfg = Debug|Any CPU
		{ECDA4AA0-EE85-462E-825B-DD5A24C1B6BC}.Debug|Any CPU.Build.0 = Debug|Any CPU
		{ECDA4AA0-EE85-462E-825B-DD5A24C1B6BC}.Release|Any CPU.ActiveCfg = Release|Any CPU
		{ECDA4AA0-EE85-462E-825B-DD5A24C1B6BC}.Release|Any CPU.Build.0 = Release|Any CPU
	EndGlobalSection
	GlobalSection(SolutionProperties) = preSolution
		HideSolutionNode = FALSE
	EndGlobalSection
	GlobalSection(ExtensibilityGlobals) = postSolution
		SolutionGuid = {385634AA-9BF3-4AF5-9500-E0D2B086ADBB}
	EndGlobalSection
EndGlobal
