
Microsoft Visual Studio Solution File, Format Version 12.00
# Visual Studio Version 17
VisualStudioVersion = 17.14.36203.30 d17.14
MinimumVisualStudioVersion = 10.0.40219.1
Project("{FAE04EC0-301F-11D3-BF4B-00C04F79EFBC}") = "delegate_bikita_4", "delegate_bikita_4\delegate_bikita_4.csproj", "{772D2129-C954-42EB-8A84-84F75AD68107}"
EndProject
Global
	GlobalSection(SolutionConfigurationPlatforms) = preSolution
		Debug|Any CPU = Debug|Any CPU
		Release|Any CPU = Release|Any CPU
	EndGlobalSection
	GlobalSection(ProjectConfigurationPlatforms) = postSolution
		{772D2129-C954-42EB-8A84-84F75AD68107}.Debug|Any CPU.ActiveCfg = Debug|Any CPU
		{772D2129-C954-42EB-8A84-84F75AD68107}.Debug|Any CPU.Build.0 = Debug|Any CPU
		{772D2129-C954-42EB-8A84-84F75AD68107}.Release|Any CPU.ActiveCfg = Release|Any CPU
		{772D2129-C954-42EB-8A84-84F75AD68107}.Release|Any CPU.Build.0 = Release|Any CPU
	EndGlobalSection
	GlobalSection(SolutionProperties) = preSolution
		HideSolutionNode = FALSE
	EndGlobalSection
	GlobalSection(ExtensibilityGlobals) = postSolution
		SolutionGuid = {9E64B7AD-CE8B-46AF-85D2-1872E34EC009}
	EndGlobalSection
EndGlobal
