
Microsoft Visual Studio Solution File, Format Version 12.00
# Visual Studio Version 17
VisualStudioVersion = 17.14.36203.30 d17.14
MinimumVisualStudioVersion = 10.0.40219.1
Project("{FAE04EC0-301F-11D3-BF4B-00C04F79EFBC}") = "Bikita_4_add", "Bikita_4_add\Bikita_4_add.csproj", "{569912C7-3E4C-4939-842D-124DD9A0D5C2}"
EndProject
Global
	GlobalSection(SolutionConfigurationPlatforms) = preSolution
		Debug|Any CPU = Debug|Any CPU
		Release|Any CPU = Release|Any CPU
	EndGlobalSection
	GlobalSection(ProjectConfigurationPlatforms) = postSolution
		{569912C7-3E4C-4939-842D-124DD9A0D5C2}.Debug|Any CPU.ActiveCfg = Debug|Any CPU
		{569912C7-3E4C-4939-842D-124DD9A0D5C2}.Debug|Any CPU.Build.0 = Debug|Any CPU
		{569912C7-3E4C-4939-842D-124DD9A0D5C2}.Release|Any CPU.ActiveCfg = Release|Any CPU
		{569912C7-3E4C-4939-842D-124DD9A0D5C2}.Release|Any CPU.Build.0 = Release|Any CPU
	EndGlobalSection
	GlobalSection(SolutionProperties) = preSolution
		HideSolutionNode = FALSE
	EndGlobalSection
	GlobalSection(ExtensibilityGlobals) = postSolution
		SolutionGuid = {2B93EA4D-E4C2-4364-92AE-7B5E85C2A7EB}
	EndGlobalSection
EndGlobal
