
Microsoft Visual Studio Solution File, Format Version 12.00
# Visual Studio Version 17
VisualStudioVersion = 17.14.36203.30 d17.14
MinimumVisualStudioVersion = 10.0.40219.1
Project("{FAE04EC0-301F-11D3-BF4B-00C04F79EFBC}") = "abstractclass_bikita_4", "abstractclass_bikita_4\abstractclass_bikita_4.csproj", "{9E7A1690-1CB1-4A9B-9BAB-F33602B2891E}"
EndProject
Global
	GlobalSection(SolutionConfigurationPlatforms) = preSolution
		Debug|Any CPU = Debug|Any CPU
		Release|Any CPU = Release|Any CPU
	EndGlobalSection
	GlobalSection(ProjectConfigurationPlatforms) = postSolution
		{9E7A1690-1CB1-4A9B-9BAB-F33602B2891E}.Debug|Any CPU.ActiveCfg = Debug|Any CPU
		{9E7A1690-1CB1-4A9B-9BAB-F33602B2891E}.Debug|Any CPU.Build.0 = Debug|Any CPU
		{9E7A1690-1CB1-4A9B-9BAB-F33602B2891E}.Release|Any CPU.ActiveCfg = Release|Any CPU
		{9E7A1690-1CB1-4A9B-9BAB-F33602B2891E}.Release|Any CPU.Build.0 = Release|Any CPU
	EndGlobalSection
	GlobalSection(SolutionProperties) = preSolution
		HideSolutionNode = FALSE
	EndGlobalSection
	GlobalSection(ExtensibilityGlobals) = postSolution
		SolutionGuid = {6A7B51D3-8F8E-4687-9201-480939993D62}
	EndGlobalSection
EndGlobal
