
Microsoft Visual Studio Solution File, Format Version 12.00
# Visual Studio Version 17
VisualStudioVersion = 17.14.36203.30 d17.14
MinimumVisualStudioVersion = 10.0.40219.1
Project("{FAE04EC0-301F-11D3-BF4B-00C04F79EFBC}") = "multicast_bikita_4", "multicast_bikita_4\multicast_bikita_4.csproj", "{855CC433-DC75-42AB-B73E-F2B9BA0A74B5}"
EndProject
Global
	GlobalSection(SolutionConfigurationPlatforms) = preSolution
		Debug|Any CPU = Debug|Any CPU
		Release|Any CPU = Release|Any CPU
	EndGlobalSection
	GlobalSection(ProjectConfigurationPlatforms) = postSolution
		{855CC433-DC75-42AB-B73E-F2B9BA0A74B5}.Debug|Any CPU.ActiveCfg = Debug|Any CPU
		{855CC433-DC75-42AB-B73E-F2B9BA0A74B5}.Debug|Any CPU.Build.0 = Debug|Any CPU
		{855CC433-DC75-42AB-B73E-F2B9BA0A74B5}.Release|Any CPU.ActiveCfg = Release|Any CPU
		{855CC433-DC75-42AB-B73E-F2B9BA0A74B5}.Release|Any CPU.Build.0 = Release|Any CPU
	EndGlobalSection
	GlobalSection(SolutionProperties) = preSolution
		HideSolutionNode = FALSE
	EndGlobalSection
	GlobalSection(ExtensibilityGlobals) = postSolution
		SolutionGuid = {6A0B7485-42FE-4359-9AA2-62D4DC8EAF23}
	EndGlobalSection
EndGlobal
