
Microsoft Visual Studio Solution File, Format Version 12.00
# Visual Studio Version 17
VisualStudioVersion = 17.14.36203.30 d17.14
MinimumVisualStudioVersion = 10.0.40219.1
Project("{FAE04EC0-301F-11D3-BF4B-00C04F79EFBC}") = "Bikita_4_interest", "Bikita_4_interest\Bikita_4_interest.csproj", "{588E6876-B7D8-4075-BCB4-F2B4D28832DC}"
EndProject
Global
	GlobalSection(SolutionConfigurationPlatforms) = preSolution
		Debug|Any CPU = Debug|Any CPU
		Release|Any CPU = Release|Any CPU
	EndGlobalSection
	GlobalSection(ProjectConfigurationPlatforms) = postSolution
		{588E6876-B7D8-4075-BCB4-F2B4D28832DC}.Debug|Any CPU.ActiveCfg = Debug|Any CPU
		{588E6876-B7D8-4075-BCB4-F2B4D28832DC}.Debug|Any CPU.Build.0 = Debug|Any CPU
		{588E6876-B7D8-4075-BCB4-F2B4D28832DC}.Release|Any CPU.ActiveCfg = Release|Any CPU
		{588E6876-B7D8-4075-BCB4-F2B4D28832DC}.Release|Any CPU.Build.0 = Release|Any CPU
	EndGlobalSection
	GlobalSection(SolutionProperties) = preSolution
		HideSolutionNode = FALSE
	EndGlobalSection
	GlobalSection(ExtensibilityGlobals) = postSolution
		SolutionGuid = {F90E6CF8-20CA-4ACD-88FA-EF2F12645637}
	EndGlobalSection
EndGlobal
