
Microsoft Visual Studio Solution File, Format Version 12.00
# Visual Studio Version 17
VisualStudioVersion = 17.14.36203.30 d17.14
MinimumVisualStudioVersion = 10.0.40219.1
Project("{FAE04EC0-301F-11D3-BF4B-00C04F79EFBC}") = "first_app_4_bikita", "first_app_4_bikita\first_app_4_bikita.csproj", "{BD9520C3-70BE-40E6-9C64-5453AE89684D}"
EndProject
Global
	GlobalSection(SolutionConfigurationPlatforms) = preSolution
		Debug|Any CPU = Debug|Any CPU
		Release|Any CPU = Release|Any CPU
	EndGlobalSection
	GlobalSection(ProjectConfigurationPlatforms) = postSolution
		{BD9520C3-70BE-40E6-9C64-5453AE89684D}.Debug|Any CPU.ActiveCfg = Debug|Any CPU
		{BD9520C3-70BE-40E6-9C64-5453AE89684D}.Debug|Any CPU.Build.0 = Debug|Any CPU
		{BD9520C3-70BE-40E6-9C64-5453AE89684D}.Release|Any CPU.ActiveCfg = Release|Any CPU
		{BD9520C3-70BE-40E6-9C64-5453AE89684D}.Release|Any CPU.Build.0 = Release|Any CPU
	EndGlobalSection
	GlobalSection(SolutionProperties) = preSolution
		HideSolutionNode = FALSE
	EndGlobalSection
	GlobalSection(ExtensibilityGlobals) = postSolution
		SolutionGuid = {EF0D48BF-865F-427E-8EEF-28379A566E5F}
	EndGlobalSection
EndGlobal
